
Microsoft Visual Studio Solution File, Format Version 12.00
# Visual Studio Version 17
VisualStudioVersion = 17.5.33516.290
MinimumVisualStudioVersion = 10.0.40219.1
Project("{9A19103F-16F7-4668-BE54-9A1E7A4F7556}") = "ETradeApp", "ETradeApp\ETradeApp.csproj", "{3EE07058-7701-488A-81B0-1BFEE1C29200}"
EndProject
Project("{9A19103F-16F7-4668-BE54-9A1E7A4F7556}") = "Business", "Business\Business.csproj", "{8501014E-B63B-4787-8AB6-3AC56E817A54}"
EndProject
Project("{9A19103F-16F7-4668-BE54-9A1E7A4F7556}") = "DataAccess", "DataAccess\DataAccess.csproj", "{A9168CFB-F2ED-4D86-8BE3-1FCA4CBD8F4E}"
EndProject
Project("{9A19103F-16F7-4668-BE54-9A1E7A4F7556}") = "Entities", "Entities\Entities.csproj", "{BFDF4692-103D-4ECA-9444-3FE7AC67CDA3}"
EndProject
Global
	GlobalSection(SolutionConfigurationPlatforms) = preSolution
		Debug|Any CPU = Debug|Any CPU
		Release|Any CPU = Release|Any CPU
	EndGlobalSection
	GlobalSection(ProjectConfigurationPlatforms) = postSolution
		{3EE07058-7701-488A-81B0-1BFEE1C29200}.Debug|Any CPU.ActiveCfg = Debug|Any CPU
		{3EE07058-7701-488A-81B0-1BFEE1C29200}.Debug|Any CPU.Build.0 = Debug|Any CPU
		{3EE07058-7701-488A-81B0-1BFEE1C29200}.Release|Any CPU.ActiveCfg = Release|Any CPU
		{3EE07058-7701-488A-81B0-1BFEE1C29200}.Release|Any CPU.Build.0 = Release|Any CPU
		{8501014E-B63B-4787-8AB6-3AC56E817A54}.Debug|Any CPU.ActiveCfg = Debug|Any CPU
		{8501014E-B63B-4787-8AB6-3AC56E817A54}.Debug|Any CPU.Build.0 = Debug|Any CPU
		{8501014E-B63B-4787-8AB6-3AC56E817A54}.Release|Any CPU.ActiveCfg = Release|Any CPU
		{8501014E-B63B-4787-8AB6-3AC56E817A54}.Release|Any CPU.Build.0 = Release|Any CPU
		{A9168CFB-F2ED-4D86-8BE3-1FCA4CBD8F4E}.Debug|Any CPU.ActiveCfg = Debug|Any CPU
		{A9168CFB-F2ED-4D86-8BE3-1FCA4CBD8F4E}.Debug|Any CPU.Build.0 = Debug|Any CPU
		{A9168CFB-F2ED-4D86-8BE3-1FCA4CBD8F4E}.Release|Any CPU.ActiveCfg = Release|Any CPU
		{A9168CFB-F2ED-4D86-8BE3-1FCA4CBD8F4E}.Release|Any CPU.Build.0 = Release|Any CPU
		{BFDF4692-103D-4ECA-9444-3FE7AC67CDA3}.Debug|Any CPU.ActiveCfg = Debug|Any CPU
		{BFDF4692-103D-4ECA-9444-3FE7AC67CDA3}.Debug|Any CPU.Build.0 = Debug|Any CPU
		{BFDF4692-103D-4ECA-9444-3FE7AC67CDA3}.Release|Any CPU.ActiveCfg = Release|Any CPU
		{BFDF4692-103D-4ECA-9444-3FE7AC67CDA3}.Release|Any CPU.Build.0 = Release|Any CPU
	EndGlobalSection
	GlobalSection(SolutionProperties) = preSolution
		HideSolutionNode = FALSE
	EndGlobalSection
	GlobalSection(ExtensibilityGlobals) = postSolution
		SolutionGuid = {CB402F37-90BF-46DC-B99C-ACAC7730714F}
	EndGlobalSection
EndGlobal
